
Microsoft Visual Studio Solution File, Format Version 12.00
# Visual Studio Version 17
VisualStudioVersion = 17.7.34024.191
MinimumVisualStudioVersion = 10.0.40219.1
Project("{FAE04EC0-301F-11D3-BF4B-00C04F79EFBC}") = "pateern1", "pateern1.csproj", "{93365CDA-585D-4EBC-9E0B-9AD7ABF4A7E0}"
EndProject
Global
	GlobalSection(SolutionConfigurationPlatforms) = preSolution
		Debug|Any CPU = Debug|Any CPU
		Release|Any CPU = Release|Any CPU
	EndGlobalSection
	GlobalSection(ProjectConfigurationPlatforms) = postSolution
		{93365CDA-585D-4EBC-9E0B-9AD7ABF4A7E0}.Debug|Any CPU.ActiveCfg = Debug|Any CPU
		{93365CDA-585D-4EBC-9E0B-9AD7ABF4A7E0}.Debug|Any CPU.Build.0 = Debug|Any CPU
		{93365CDA-585D-4EBC-9E0B-9AD7ABF4A7E0}.Release|Any CPU.ActiveCfg = Release|Any CPU
		{93365CDA-585D-4EBC-9E0B-9AD7ABF4A7E0}.Release|Any CPU.Build.0 = Release|Any CPU
	EndGlobalSection
	GlobalSection(SolutionProperties) = preSolution
		HideSolutionNode = FALSE
	EndGlobalSection
	GlobalSection(ExtensibilityGlobals) = postSolution
		SolutionGuid = {1F7AA4B7-2DDC-41C8-AD54-7EC5B1D25EAC}
	EndGlobalSection
EndGlobal
