
Microsoft Visual Studio Solution File, Format Version 12.00
# Visual Studio Version 17
VisualStudioVersion = 17.7.34024.191
MinimumVisualStudioVersion = 10.0.40219.1
Project("{FAE04EC0-301F-11D3-BF4B-00C04F79EFBC}") = "Insert Array element in specified position", "Insert Array element in specified position.csproj", "{4A2EAE77-229D-4D34-8B78-19D85666116E}"
EndProject
Global
	GlobalSection(SolutionConfigurationPlatforms) = preSolution
		Debug|Any CPU = Debug|Any CPU
		Release|Any CPU = Release|Any CPU
	EndGlobalSection
	GlobalSection(ProjectConfigurationPlatforms) = postSolution
		{4A2EAE77-229D-4D34-8B78-19D85666116E}.Debug|Any CPU.ActiveCfg = Debug|Any CPU
		{4A2EAE77-229D-4D34-8B78-19D85666116E}.Debug|Any CPU.Build.0 = Debug|Any CPU
		{4A2EAE77-229D-4D34-8B78-19D85666116E}.Release|Any CPU.ActiveCfg = Release|Any CPU
		{4A2EAE77-229D-4D34-8B78-19D85666116E}.Release|Any CPU.Build.0 = Release|Any CPU
	EndGlobalSection
	GlobalSection(SolutionProperties) = preSolution
		HideSolutionNode = FALSE
	EndGlobalSection
	GlobalSection(ExtensibilityGlobals) = postSolution
		SolutionGuid = {0AE97FF5-3076-439F-BF59-98103E4AB55B}
	EndGlobalSection
EndGlobal
