
Microsoft Visual Studio Solution File, Format Version 12.00
# Visual Studio Version 17
VisualStudioVersion = 17.7.34024.191
MinimumVisualStudioVersion = 10.0.40219.1
Project("{FAE04EC0-301F-11D3-BF4B-00C04F79EFBC}") = "Remove element from an array by index", "Remove element from an array by index.csproj", "{3A6B6714-0FE1-40BE-AC14-8F632015DC47}"
EndProject
Global
	GlobalSection(SolutionConfigurationPlatforms) = preSolution
		Debug|Any CPU = Debug|Any CPU
		Release|Any CPU = Release|Any CPU
	EndGlobalSection
	GlobalSection(ProjectConfigurationPlatforms) = postSolution
		{3A6B6714-0FE1-40BE-AC14-8F632015DC47}.Debug|Any CPU.ActiveCfg = Debug|Any CPU
		{3A6B6714-0FE1-40BE-AC14-8F632015DC47}.Debug|Any CPU.Build.0 = Debug|Any CPU
		{3A6B6714-0FE1-40BE-AC14-8F632015DC47}.Release|Any CPU.ActiveCfg = Release|Any CPU
		{3A6B6714-0FE1-40BE-AC14-8F632015DC47}.Release|Any CPU.Build.0 = Release|Any CPU
	EndGlobalSection
	GlobalSection(SolutionProperties) = preSolution
		HideSolutionNode = FALSE
	EndGlobalSection
	GlobalSection(ExtensibilityGlobals) = postSolution
		SolutionGuid = {13FE9B17-0893-459C-8DBD-5A68A5328355}
	EndGlobalSection
EndGlobal
