
Microsoft Visual Studio Solution File, Format Version 12.00
# Visual Studio Version 17
VisualStudioVersion = 17.7.34024.191
MinimumVisualStudioVersion = 10.0.40219.1
Project("{FAE04EC0-301F-11D3-BF4B-00C04F79EFBC}") = "Merging two unsorted arrays of different lengths", "Merging two unsorted arrays of different lengths.csproj", "{4C0D870F-80F2-4173-BEF8-8AC4EC775F94}"
EndProject
Global
	GlobalSection(SolutionConfigurationPlatforms) = preSolution
		Debug|Any CPU = Debug|Any CPU
		Release|Any CPU = Release|Any CPU
	EndGlobalSection
	GlobalSection(ProjectConfigurationPlatforms) = postSolution
		{4C0D870F-80F2-4173-BEF8-8AC4EC775F94}.Debug|Any CPU.ActiveCfg = Debug|Any CPU
		{4C0D870F-80F2-4173-BEF8-8AC4EC775F94}.Debug|Any CPU.Build.0 = Debug|Any CPU
		{4C0D870F-80F2-4173-BEF8-8AC4EC775F94}.Release|Any CPU.ActiveCfg = Release|Any CPU
		{4C0D870F-80F2-4173-BEF8-8AC4EC775F94}.Release|Any CPU.Build.0 = Release|Any CPU
	EndGlobalSection
	GlobalSection(SolutionProperties) = preSolution
		HideSolutionNode = FALSE
	EndGlobalSection
	GlobalSection(ExtensibilityGlobals) = postSolution
		SolutionGuid = {8D050C9C-8F1F-46D3-B1F3-C011551972B0}
	EndGlobalSection
EndGlobal
