
Microsoft Visual Studio Solution File, Format Version 12.00
# Visual Studio Version 17
VisualStudioVersion = 17.7.34024.191
MinimumVisualStudioVersion = 10.0.40219.1
Project("{FAE04EC0-301F-11D3-BF4B-00C04F79EFBC}") = "Prime_Or_Not", "Prime_Or_Not.csproj", "{C2463025-DCE6-48AC-9A67-D43B47DBE6B3}"
EndProject
Global
	GlobalSection(SolutionConfigurationPlatforms) = preSolution
		Debug|Any CPU = Debug|Any CPU
		Release|Any CPU = Release|Any CPU
	EndGlobalSection
	GlobalSection(ProjectConfigurationPlatforms) = postSolution
		{C2463025-DCE6-48AC-9A67-D43B47DBE6B3}.Debug|Any CPU.ActiveCfg = Debug|Any CPU
		{C2463025-DCE6-48AC-9A67-D43B47DBE6B3}.Debug|Any CPU.Build.0 = Debug|Any CPU
		{C2463025-DCE6-48AC-9A67-D43B47DBE6B3}.Release|Any CPU.ActiveCfg = Release|Any CPU
		{C2463025-DCE6-48AC-9A67-D43B47DBE6B3}.Release|Any CPU.Build.0 = Release|Any CPU
	EndGlobalSection
	GlobalSection(SolutionProperties) = preSolution
		HideSolutionNode = FALSE
	EndGlobalSection
	GlobalSection(ExtensibilityGlobals) = postSolution
		SolutionGuid = {1D3C4669-37D9-4FE8-8741-BE6A778E65A9}
	EndGlobalSection
EndGlobal
