
Microsoft Visual Studio Solution File, Format Version 12.00
# Visual Studio Version 17
VisualStudioVersion = 17.7.34024.191
MinimumVisualStudioVersion = 10.0.40219.1
Project("{FAE04EC0-301F-11D3-BF4B-00C04F79EFBC}") = "Maximum difference between two elements in an array", "Maximum difference between two elements in an array.csproj", "{6BCC070F-C517-4F09-82A4-58C6200EA538}"
EndProject
Global
	GlobalSection(SolutionConfigurationPlatforms) = preSolution
		Debug|Any CPU = Debug|Any CPU
		Release|Any CPU = Release|Any CPU
	EndGlobalSection
	GlobalSection(ProjectConfigurationPlatforms) = postSolution
		{6BCC070F-C517-4F09-82A4-58C6200EA538}.Debug|Any CPU.ActiveCfg = Debug|Any CPU
		{6BCC070F-C517-4F09-82A4-58C6200EA538}.Debug|Any CPU.Build.0 = Debug|Any CPU
		{6BCC070F-C517-4F09-82A4-58C6200EA538}.Release|Any CPU.ActiveCfg = Release|Any CPU
		{6BCC070F-C517-4F09-82A4-58C6200EA538}.Release|Any CPU.Build.0 = Release|Any CPU
	EndGlobalSection
	GlobalSection(SolutionProperties) = preSolution
		HideSolutionNode = FALSE
	EndGlobalSection
	GlobalSection(ExtensibilityGlobals) = postSolution
		SolutionGuid = {9D415A6D-D0CF-499E-8ABB-FE6C13A0C7B2}
	EndGlobalSection
EndGlobal
