
Microsoft Visual Studio Solution File, Format Version 12.00
# Visual Studio Version 17
VisualStudioVersion = 17.7.34024.191
MinimumVisualStudioVersion = 10.0.40219.1
Project("{FAE04EC0-301F-11D3-BF4B-00C04F79EFBC}") = "Reversing Array using Swapping Method", "Reversing Array using Swapping Method.csproj", "{FE532509-BAF3-41B7-A0BC-830692D2B3A8}"
EndProject
Global
	GlobalSection(SolutionConfigurationPlatforms) = preSolution
		Debug|Any CPU = Debug|Any CPU
		Release|Any CPU = Release|Any CPU
	EndGlobalSection
	GlobalSection(ProjectConfigurationPlatforms) = postSolution
		{FE532509-BAF3-41B7-A0BC-830692D2B3A8}.Debug|Any CPU.ActiveCfg = Debug|Any CPU
		{FE532509-BAF3-41B7-A0BC-830692D2B3A8}.Debug|Any CPU.Build.0 = Debug|Any CPU
		{FE532509-BAF3-41B7-A0BC-830692D2B3A8}.Release|Any CPU.ActiveCfg = Release|Any CPU
		{FE532509-BAF3-41B7-A0BC-830692D2B3A8}.Release|Any CPU.Build.0 = Release|Any CPU
	EndGlobalSection
	GlobalSection(SolutionProperties) = preSolution
		HideSolutionNode = FALSE
	EndGlobalSection
	GlobalSection(ExtensibilityGlobals) = postSolution
		SolutionGuid = {53B909A3-B43F-4B39-B2F9-3C6DB0980592}
	EndGlobalSection
EndGlobal
