
Microsoft Visual Studio Solution File, Format Version 12.00
# Visual Studio Version 17
VisualStudioVersion = 17.7.34024.191
MinimumVisualStudioVersion = 10.0.40219.1
Project("{FAE04EC0-301F-11D3-BF4B-00C04F79EFBC}") = "Pattern9", "Pattern9.csproj", "{8867BCE7-F243-4804-8C83-927235FD739E}"
EndProject
Global
	GlobalSection(SolutionConfigurationPlatforms) = preSolution
		Debug|Any CPU = Debug|Any CPU
		Release|Any CPU = Release|Any CPU
	EndGlobalSection
	GlobalSection(ProjectConfigurationPlatforms) = postSolution
		{8867BCE7-F243-4804-8C83-927235FD739E}.Debug|Any CPU.ActiveCfg = Debug|Any CPU
		{8867BCE7-F243-4804-8C83-927235FD739E}.Debug|Any CPU.Build.0 = Debug|Any CPU
		{8867BCE7-F243-4804-8C83-927235FD739E}.Release|Any CPU.ActiveCfg = Release|Any CPU
		{8867BCE7-F243-4804-8C83-927235FD739E}.Release|Any CPU.Build.0 = Release|Any CPU
	EndGlobalSection
	GlobalSection(SolutionProperties) = preSolution
		HideSolutionNode = FALSE
	EndGlobalSection
	GlobalSection(ExtensibilityGlobals) = postSolution
		SolutionGuid = {DEF657AB-F09C-40A9-9D3B-7A044716DEFF}
	EndGlobalSection
EndGlobal
