
Microsoft Visual Studio Solution File, Format Version 12.00
# Visual Studio Version 17
VisualStudioVersion = 17.7.34024.191
MinimumVisualStudioVersion = 10.0.40219.1
Project("{FAE04EC0-301F-11D3-BF4B-00C04F79EFBC}") = "Value Type And Reference Type", "Value Type And Reference Type.csproj", "{1F2D2E25-5EE0-466B-8F82-C2443FAFDCFD}"
EndProject
Global
	GlobalSection(SolutionConfigurationPlatforms) = preSolution
		Debug|Any CPU = Debug|Any CPU
		Release|Any CPU = Release|Any CPU
	EndGlobalSection
	GlobalSection(ProjectConfigurationPlatforms) = postSolution
		{1F2D2E25-5EE0-466B-8F82-C2443FAFDCFD}.Debug|Any CPU.ActiveCfg = Debug|Any CPU
		{1F2D2E25-5EE0-466B-8F82-C2443FAFDCFD}.Debug|Any CPU.Build.0 = Debug|Any CPU
		{1F2D2E25-5EE0-466B-8F82-C2443FAFDCFD}.Release|Any CPU.ActiveCfg = Release|Any CPU
		{1F2D2E25-5EE0-466B-8F82-C2443FAFDCFD}.Release|Any CPU.Build.0 = Release|Any CPU
	EndGlobalSection
	GlobalSection(SolutionProperties) = preSolution
		HideSolutionNode = FALSE
	EndGlobalSection
	GlobalSection(ExtensibilityGlobals) = postSolution
		SolutionGuid = {1093E78F-34A4-467D-B854-A4ECCD12BCDB}
	EndGlobalSection
EndGlobal
