
Microsoft Visual Studio Solution File, Format Version 12.00
# Visual Studio Version 17
VisualStudioVersion = 17.7.34024.191
MinimumVisualStudioVersion = 10.0.40219.1
Project("{FAE04EC0-301F-11D3-BF4B-00C04F79EFBC}") = "pattern1", "pattern1.csproj", "{AB69AAC4-34E7-48DF-A3F3-276BC26B45A7}"
EndProject
Global
	GlobalSection(SolutionConfigurationPlatforms) = preSolution
		Debug|Any CPU = Debug|Any CPU
		Release|Any CPU = Release|Any CPU
	EndGlobalSection
	GlobalSection(ProjectConfigurationPlatforms) = postSolution
		{AB69AAC4-34E7-48DF-A3F3-276BC26B45A7}.Debug|Any CPU.ActiveCfg = Debug|Any CPU
		{AB69AAC4-34E7-48DF-A3F3-276BC26B45A7}.Debug|Any CPU.Build.0 = Debug|Any CPU
		{AB69AAC4-34E7-48DF-A3F3-276BC26B45A7}.Release|Any CPU.ActiveCfg = Release|Any CPU
		{AB69AAC4-34E7-48DF-A3F3-276BC26B45A7}.Release|Any CPU.Build.0 = Release|Any CPU
	EndGlobalSection
	GlobalSection(SolutionProperties) = preSolution
		HideSolutionNode = FALSE
	EndGlobalSection
	GlobalSection(ExtensibilityGlobals) = postSolution
		SolutionGuid = {5A3DDF54-5888-4887-A1CC-4E764114FE1B}
	EndGlobalSection
EndGlobal
