
Microsoft Visual Studio Solution File, Format Version 12.00
# Visual Studio Version 17
VisualStudioVersion = 17.7.34024.191
MinimumVisualStudioVersion = 10.0.40219.1
Project("{FAE04EC0-301F-11D3-BF4B-00C04F79EFBC}") = "pattern8", "pattern8.csproj", "{2216063D-5E2C-4B45-99DF-6C4CDE902EF0}"
EndProject
Global
	GlobalSection(SolutionConfigurationPlatforms) = preSolution
		Debug|Any CPU = Debug|Any CPU
		Release|Any CPU = Release|Any CPU
	EndGlobalSection
	GlobalSection(ProjectConfigurationPlatforms) = postSolution
		{2216063D-5E2C-4B45-99DF-6C4CDE902EF0}.Debug|Any CPU.ActiveCfg = Debug|Any CPU
		{2216063D-5E2C-4B45-99DF-6C4CDE902EF0}.Debug|Any CPU.Build.0 = Debug|Any CPU
		{2216063D-5E2C-4B45-99DF-6C4CDE902EF0}.Release|Any CPU.ActiveCfg = Release|Any CPU
		{2216063D-5E2C-4B45-99DF-6C4CDE902EF0}.Release|Any CPU.Build.0 = Release|Any CPU
	EndGlobalSection
	GlobalSection(SolutionProperties) = preSolution
		HideSolutionNode = FALSE
	EndGlobalSection
	GlobalSection(ExtensibilityGlobals) = postSolution
		SolutionGuid = {88439F7D-C5DB-4549-8BD9-5781F337D5B4}
	EndGlobalSection
EndGlobal
