
Microsoft Visual Studio Solution File, Format Version 12.00
# Visual Studio Version 17
VisualStudioVersion = 17.7.34024.191
MinimumVisualStudioVersion = 10.0.40219.1
Project("{FAE04EC0-301F-11D3-BF4B-00C04F79EFBC}") = "finding the length of an array", "finding the length of an array.csproj", "{133DA564-C84C-4F53-B418-A6852BB4F19C}"
EndProject
Global
	GlobalSection(SolutionConfigurationPlatforms) = preSolution
		Debug|Any CPU = Debug|Any CPU
		Release|Any CPU = Release|Any CPU
	EndGlobalSection
	GlobalSection(ProjectConfigurationPlatforms) = postSolution
		{133DA564-C84C-4F53-B418-A6852BB4F19C}.Debug|Any CPU.ActiveCfg = Debug|Any CPU
		{133DA564-C84C-4F53-B418-A6852BB4F19C}.Debug|Any CPU.Build.0 = Debug|Any CPU
		{133DA564-C84C-4F53-B418-A6852BB4F19C}.Release|Any CPU.ActiveCfg = Release|Any CPU
		{133DA564-C84C-4F53-B418-A6852BB4F19C}.Release|Any CPU.Build.0 = Release|Any CPU
	EndGlobalSection
	GlobalSection(SolutionProperties) = preSolution
		HideSolutionNode = FALSE
	EndGlobalSection
	GlobalSection(ExtensibilityGlobals) = postSolution
		SolutionGuid = {E1E9C039-0316-4F2B-AF42-91AF25A3810E}
	EndGlobalSection
EndGlobal
