
Microsoft Visual Studio Solution File, Format Version 12.00
# Visual Studio Version 17
VisualStudioVersion = 17.7.34024.191
MinimumVisualStudioVersion = 10.0.40219.1
Project("{FAE04EC0-301F-11D3-BF4B-00C04F79EFBC}") = "Find two elements whose sum is closest to zero", "Find two elements whose sum is closest to zero.csproj", "{68EF4F22-AFC2-479E-9683-D4FAA52AE12C}"
EndProject
Global
	GlobalSection(SolutionConfigurationPlatforms) = preSolution
		Debug|Any CPU = Debug|Any CPU
		Release|Any CPU = Release|Any CPU
	EndGlobalSection
	GlobalSection(ProjectConfigurationPlatforms) = postSolution
		{68EF4F22-AFC2-479E-9683-D4FAA52AE12C}.Debug|Any CPU.ActiveCfg = Debug|Any CPU
		{68EF4F22-AFC2-479E-9683-D4FAA52AE12C}.Debug|Any CPU.Build.0 = Debug|Any CPU
		{68EF4F22-AFC2-479E-9683-D4FAA52AE12C}.Release|Any CPU.ActiveCfg = Release|Any CPU
		{68EF4F22-AFC2-479E-9683-D4FAA52AE12C}.Release|Any CPU.Build.0 = Release|Any CPU
	EndGlobalSection
	GlobalSection(SolutionProperties) = preSolution
		HideSolutionNode = FALSE
	EndGlobalSection
	GlobalSection(ExtensibilityGlobals) = postSolution
		SolutionGuid = {2DEF7E1C-8F0B-4439-9D62-ED26760A425F}
	EndGlobalSection
EndGlobal
