
Microsoft Visual Studio Solution File, Format Version 12.00
# Visual Studio Version 17
VisualStudioVersion = 17.7.34024.191
MinimumVisualStudioVersion = 10.0.40219.1
Project("{FAE04EC0-301F-11D3-BF4B-00C04F79EFBC}") = "Find the index of an element in an array", "Find the index of an element in an array.csproj", "{F84FDCC0-BE24-4E8B-A119-0D19D31C6446}"
EndProject
Global
	GlobalSection(SolutionConfigurationPlatforms) = preSolution
		Debug|Any CPU = Debug|Any CPU
		Release|Any CPU = Release|Any CPU
	EndGlobalSection
	GlobalSection(ProjectConfigurationPlatforms) = postSolution
		{F84FDCC0-BE24-4E8B-A119-0D19D31C6446}.Debug|Any CPU.ActiveCfg = Debug|Any CPU
		{F84FDCC0-BE24-4E8B-A119-0D19D31C6446}.Debug|Any CPU.Build.0 = Debug|Any CPU
		{F84FDCC0-BE24-4E8B-A119-0D19D31C6446}.Release|Any CPU.ActiveCfg = Release|Any CPU
		{F84FDCC0-BE24-4E8B-A119-0D19D31C6446}.Release|Any CPU.Build.0 = Release|Any CPU
	EndGlobalSection
	GlobalSection(SolutionProperties) = preSolution
		HideSolutionNode = FALSE
	EndGlobalSection
	GlobalSection(ExtensibilityGlobals) = postSolution
		SolutionGuid = {4865360A-7814-4514-AD66-16B3C3A645ED}
	EndGlobalSection
EndGlobal
