
Microsoft Visual Studio Solution File, Format Version 12.00
# Visual Studio Version 17
VisualStudioVersion = 17.7.34024.191
MinimumVisualStudioVersion = 10.0.40219.1
Project("{FAE04EC0-301F-11D3-BF4B-00C04F79EFBC}") = "patter12", "patter12.csproj", "{2B9141A1-1528-4CEE-8EDB-BB0BD9E968E0}"
EndProject
Global
	GlobalSection(SolutionConfigurationPlatforms) = preSolution
		Debug|Any CPU = Debug|Any CPU
		Release|Any CPU = Release|Any CPU
	EndGlobalSection
	GlobalSection(ProjectConfigurationPlatforms) = postSolution
		{2B9141A1-1528-4CEE-8EDB-BB0BD9E968E0}.Debug|Any CPU.ActiveCfg = Debug|Any CPU
		{2B9141A1-1528-4CEE-8EDB-BB0BD9E968E0}.Debug|Any CPU.Build.0 = Debug|Any CPU
		{2B9141A1-1528-4CEE-8EDB-BB0BD9E968E0}.Release|Any CPU.ActiveCfg = Release|Any CPU
		{2B9141A1-1528-4CEE-8EDB-BB0BD9E968E0}.Release|Any CPU.Build.0 = Release|Any CPU
	EndGlobalSection
	GlobalSection(SolutionProperties) = preSolution
		HideSolutionNode = FALSE
	EndGlobalSection
	GlobalSection(ExtensibilityGlobals) = postSolution
		SolutionGuid = {49E7F5EB-F49C-4624-B4AD-6FE00300A9F1}
	EndGlobalSection
EndGlobal
