
Microsoft Visual Studio Solution File, Format Version 12.00
# Visual Studio Version 17
VisualStudioVersion = 17.7.34024.191
MinimumVisualStudioVersion = 10.0.40219.1
Project("{FAE04EC0-301F-11D3-BF4B-00C04F79EFBC}") = "The frequency of all numbers in Array", "The frequency of all numbers in Array.csproj", "{10CC6CA1-32A5-44DD-9CE5-6EAC63375D39}"
EndProject
Global
	GlobalSection(SolutionConfigurationPlatforms) = preSolution
		Debug|Any CPU = Debug|Any CPU
		Release|Any CPU = Release|Any CPU
	EndGlobalSection
	GlobalSection(ProjectConfigurationPlatforms) = postSolution
		{10CC6CA1-32A5-44DD-9CE5-6EAC63375D39}.Debug|Any CPU.ActiveCfg = Debug|Any CPU
		{10CC6CA1-32A5-44DD-9CE5-6EAC63375D39}.Debug|Any CPU.Build.0 = Debug|Any CPU
		{10CC6CA1-32A5-44DD-9CE5-6EAC63375D39}.Release|Any CPU.ActiveCfg = Release|Any CPU
		{10CC6CA1-32A5-44DD-9CE5-6EAC63375D39}.Release|Any CPU.Build.0 = Release|Any CPU
	EndGlobalSection
	GlobalSection(SolutionProperties) = preSolution
		HideSolutionNode = FALSE
	EndGlobalSection
	GlobalSection(ExtensibilityGlobals) = postSolution
		SolutionGuid = {D470630F-924C-4B55-BD8F-9A957C7F1D08}
	EndGlobalSection
EndGlobal
