
Microsoft Visual Studio Solution File, Format Version 12.00
# Visual Studio Version 17
VisualStudioVersion = 17.7.34024.191
MinimumVisualStudioVersion = 10.0.40219.1
Project("{FAE04EC0-301F-11D3-BF4B-00C04F79EFBC}") = "New Smallest And Largest Element in array", "New Smallest And Largest Element in array.csproj", "{729D860D-916D-4031-9753-37DE8DAE6567}"
EndProject
Global
	GlobalSection(SolutionConfigurationPlatforms) = preSolution
		Debug|Any CPU = Debug|Any CPU
		Release|Any CPU = Release|Any CPU
	EndGlobalSection
	GlobalSection(ProjectConfigurationPlatforms) = postSolution
		{729D860D-916D-4031-9753-37DE8DAE6567}.Debug|Any CPU.ActiveCfg = Debug|Any CPU
		{729D860D-916D-4031-9753-37DE8DAE6567}.Debug|Any CPU.Build.0 = Debug|Any CPU
		{729D860D-916D-4031-9753-37DE8DAE6567}.Release|Any CPU.ActiveCfg = Release|Any CPU
		{729D860D-916D-4031-9753-37DE8DAE6567}.Release|Any CPU.Build.0 = Release|Any CPU
	EndGlobalSection
	GlobalSection(SolutionProperties) = preSolution
		HideSolutionNode = FALSE
	EndGlobalSection
	GlobalSection(ExtensibilityGlobals) = postSolution
		SolutionGuid = {2ED33D2C-69B4-4418-AEFC-B142ED9889B0}
	EndGlobalSection
EndGlobal
