
Microsoft Visual Studio Solution File, Format Version 12.00
# Visual Studio Version 17
VisualStudioVersion = 17.7.34024.191
MinimumVisualStudioVersion = 10.0.40219.1
Project("{FAE04EC0-301F-11D3-BF4B-00C04F79EFBC}") = "ConsoleApp4", "ConsoleApp4.csproj", "{6339CC5D-99A6-4E87-B421-07F70AABA31F}"
EndProject
Global
	GlobalSection(SolutionConfigurationPlatforms) = preSolution
		Debug|Any CPU = Debug|Any CPU
		Release|Any CPU = Release|Any CPU
	EndGlobalSection
	GlobalSection(ProjectConfigurationPlatforms) = postSolution
		{6339CC5D-99A6-4E87-B421-07F70AABA31F}.Debug|Any CPU.ActiveCfg = Debug|Any CPU
		{6339CC5D-99A6-4E87-B421-07F70AABA31F}.Debug|Any CPU.Build.0 = Debug|Any CPU
		{6339CC5D-99A6-4E87-B421-07F70AABA31F}.Release|Any CPU.ActiveCfg = Release|Any CPU
		{6339CC5D-99A6-4E87-B421-07F70AABA31F}.Release|Any CPU.Build.0 = Release|Any CPU
	EndGlobalSection
	GlobalSection(SolutionProperties) = preSolution
		HideSolutionNode = FALSE
	EndGlobalSection
	GlobalSection(ExtensibilityGlobals) = postSolution
		SolutionGuid = {DC4B4C54-E2AD-470A-B09B-82D193464CD7}
	EndGlobalSection
EndGlobal
