
Microsoft Visual Studio Solution File, Format Version 12.00
# Visual Studio Version 17
VisualStudioVersion = 17.7.34024.191
MinimumVisualStudioVersion = 10.0.40219.1
Project("{FAE04EC0-301F-11D3-BF4B-00C04F79EFBC}") = "Sorting An Array", "Sorting An Array.csproj", "{4E0534BB-6A8E-4625-8A45-DC6EC82565FB}"
EndProject
Global
	GlobalSection(SolutionConfigurationPlatforms) = preSolution
		Debug|Any CPU = Debug|Any CPU
		Release|Any CPU = Release|Any CPU
	EndGlobalSection
	GlobalSection(ProjectConfigurationPlatforms) = postSolution
		{4E0534BB-6A8E-4625-8A45-DC6EC82565FB}.Debug|Any CPU.ActiveCfg = Debug|Any CPU
		{4E0534BB-6A8E-4625-8A45-DC6EC82565FB}.Debug|Any CPU.Build.0 = Debug|Any CPU
		{4E0534BB-6A8E-4625-8A45-DC6EC82565FB}.Release|Any CPU.ActiveCfg = Release|Any CPU
		{4E0534BB-6A8E-4625-8A45-DC6EC82565FB}.Release|Any CPU.Build.0 = Release|Any CPU
	EndGlobalSection
	GlobalSection(SolutionProperties) = preSolution
		HideSolutionNode = FALSE
	EndGlobalSection
	GlobalSection(ExtensibilityGlobals) = postSolution
		SolutionGuid = {A20EE669-BAF1-4B11-81BB-7F6EBDEE6663}
	EndGlobalSection
EndGlobal
